// !$*UTF8*$!
{
	archiveVersion = 1;
	classes = {
	};
	objectVersion = 56;
	objects = {

/* Begin PBXBuildFile section */
		8408892B2AD473A400F2A93C /* CameraService.swift in Sources */ = {isa = PBXBuildFile; fileRef = 8408892A2AD473A400F2A93C /* CameraService.swift */; };
		8408892D2AD477E500F2A93C /* CameraView.swift in Sources */ = {isa = PBXBuildFile; fileRef = 8408892C2AD477E500F2A93C /* CameraView.swift */; };
		84194DA92AE83FBB0057A0EB /* Sunset.swift in Sources */ = {isa = PBXBuildFile; fileRef = 84194DA82AE83FBB0057A0EB /* Sunset.swift */; };
		8434D22A2A99221A0068D985 /* SunsketcherApp.swift in Sources */ = {isa = PBXBuildFile; fileRef = 8434D2292A99221A0068D985 /* SunsketcherApp.swift */; };
		8434D22C2A99221A0068D985 /* ContentView.swift in Sources */ = {isa = PBXBuildFile; fileRef = 8434D22B2A99221A0068D985 /* ContentView.swift */; };
		8434D22E2A99221B0068D985 /* Assets.xcassets in Resources */ = {isa = PBXBuildFile; fileRef = 8434D22D2A99221B0068D985 /* Assets.xcassets */; };
		8434D2312A99221B0068D985 /* Preview Assets.xcassets in Resources */ = {isa = PBXBuildFile; fileRef = 8434D2302A99221B0068D985 /* Preview Assets.xcassets */; };
		844D88BE2B47520500258284 /* Metadata+CoreDataClass.swift in Sources */ = {isa = PBXBuildFile; fileRef = 844D88BC2B47520500258284 /* Metadata+CoreDataClass.swift */; };
		844D88BF2B47520500258284 /* Metadata+CoreDataProperties.swift in Sources */ = {isa = PBXBuildFile; fileRef = 844D88BD2B47520500258284 /* Metadata+CoreDataProperties.swift */; };
		844D88C12B47C4A600258284 /* MetadataDB.swift in Sources */ = {isa = PBXBuildFile; fileRef = 844D88C02B47C4A600258284 /* MetadataDB.swift */; };
		848A5B482ABB3A64000DB76D /* CameraControl.swift in Sources */ = {isa = PBXBuildFile; fileRef = 848A5B472ABB3A64000DB76D /* CameraControl.swift */; };
		84C307232AA8EC020052078B /* LocationManager.swift in Sources */ = {isa = PBXBuildFile; fileRef = 84C307222AA8EC020052078B /* LocationManager.swift */; };
		84CDE40D2AB0C8560011ED23 /* LocToTime.swift in Sources */ = {isa = PBXBuildFile; fileRef = 84CDE40C2AB0C8560011ED23 /* LocToTime.swift */; };
		84D07C7B2AD5A1D4001E1DD4 /* CustomCameraView.swift in Sources */ = {isa = PBXBuildFile; fileRef = 84D07C7A2AD5A1D4001E1DD4 /* CustomCameraView.swift */; };
/* End PBXBuildFile section */

/* Begin PBXContainerItemProxy section */
		84CDE4162AB0CB950011ED23 /* PBXContainerItemProxy */ = {
			isa = PBXContainerItemProxy;
			containerPortal = 8434D21E2A99221A0068D985 /* Project object */;
			proxyType = 1;
			remoteGlobalIDString = 8434D2252A99221A0068D985;
			remoteInfo = Sunsketcher;
		};
/* End PBXContainerItemProxy section */

/* Begin PBXFileReference section */
		8408892A2AD473A400F2A93C /* CameraService.swift */ = {isa = PBXFileReference; lastKnownFileType = sourcecode.swift; name = CameraService.swift; path = Sunsketcher/CameraFunctionality/CameraService.swift; sourceTree = SOURCE_ROOT; };
		8408892C2AD477E500F2A93C /* CameraView.swift */ = {isa = PBXFileReference; lastKnownFileType = sourcecode.swift; name = CameraView.swift; path = Sunsketcher/CameraFunctionality/CameraView.swift; sourceTree = SOURCE_ROOT; };
		84194DA82AE83FBB0057A0EB /* Sunset.swift */ = {isa = PBXFileReference; lastKnownFileType = sourcecode.swift; name = Sunset.swift; path = Sunsketcher/Location/Sunset.swift; sourceTree = SOURCE_ROOT; };
		8434D2262A99221A0068D985 /* Sunsketcher.app */ = {isa = PBXFileReference; explicitFileType = wrapper.application; includeInIndex = 0; path = Sunsketcher.app; sourceTree = BUILT_PRODUCTS_DIR; };
		8434D2292A99221A0068D985 /* SunsketcherApp.swift */ = {isa = PBXFileReference; lastKnownFileType = sourcecode.swift; path = SunsketcherApp.swift; sourceTree = "<group>"; };
		8434D22B2A99221A0068D985 /* ContentView.swift */ = {isa = PBXFileReference; lastKnownFileType = sourcecode.swift; path = ContentView.swift; sourceTree = "<group>"; };
		8434D22D2A99221B0068D985 /* Assets.xcassets */ = {isa = PBXFileReference; lastKnownFileType = folder.assetcatalog; path = Assets.xcassets; sourceTree = "<group>"; };
		8434D2302A99221B0068D985 /* Preview Assets.xcassets */ = {isa = PBXFileReference; lastKnownFileType = folder.assetcatalog; path = "Preview Assets.xcassets"; sourceTree = "<group>"; };
		844D88BC2B47520500258284 /* Metadata+CoreDataClass.swift */ = {isa = PBXFileReference; lastKnownFileType = sourcecode.swift; name = "Metadata+CoreDataClass.swift"; path = "../../Metadata+CoreDataClass.swift"; sourceTree = "<group>"; };
		844D88BD2B47520500258284 /* Metadata+CoreDataProperties.swift */ = {isa = PBXFileReference; lastKnownFileType = sourcecode.swift; name = "Metadata+CoreDataProperties.swift"; path = "../../Metadata+CoreDataProperties.swift"; sourceTree = "<group>"; };
		844D88C02B47C4A600258284 /* MetadataDB.swift */ = {isa = PBXFileReference; lastKnownFileType = sourcecode.swift; name = MetadataDB.swift; path = SunSketcher/Database/MetadataDB.swift; sourceTree = SOURCE_ROOT; };
		846E32A52ABA28E1004FEF60 /* Info.plist */ = {isa = PBXFileReference; lastKnownFileType = text.plist; path = Info.plist; sourceTree = "<group>"; };
		848A5B472ABB3A64000DB76D /* CameraControl.swift */ = {isa = PBXFileReference; lastKnownFileType = sourcecode.swift; name = CameraControl.swift; path = Sunsketcher/CameraFunctionality/CameraControl.swift; sourceTree = SOURCE_ROOT; };
		848B1B4A2B3B5B4700DE9856 /* Metadata.xcdatamodel */ = {isa = PBXFileReference; lastKnownFileType = wrapper.xcdatamodel; path = Metadata.xcdatamodel; sourceTree = "<group>"; };
		84C307222AA8EC020052078B /* LocationManager.swift */ = {isa = PBXFileReference; lastKnownFileType = sourcecode.swift; path = LocationManager.swift; sourceTree = "<group>"; };
		84CDE40C2AB0C8560011ED23 /* LocToTime.swift */ = {isa = PBXFileReference; lastKnownFileType = sourcecode.swift; name = LocToTime.swift; path = Sunsketcher/Location/LocToTime.swift; sourceTree = SOURCE_ROOT; };
		84CDE4122AB0CB950011ED23 /* SunsketcherTests.xctest */ = {isa = PBXFileReference; explicitFileType = wrapper.cfbundle; includeInIndex = 0; path = SunsketcherTests.xctest; sourceTree = BUILT_PRODUCTS_DIR; };
		84D07C7A2AD5A1D4001E1DD4 /* CustomCameraView.swift */ = {isa = PBXFileReference; lastKnownFileType = sourcecode.swift; name = CustomCameraView.swift; path = Sunsketcher/CameraFunctionality/CustomCameraView.swift; sourceTree = SOURCE_ROOT; };
/* End PBXFileReference section */

/* Begin PBXFrameworksBuildPhase section */
		8434D2232A99221A0068D985 /* Frameworks */ = {
			isa = PBXFrameworksBuildPhase;
			buildActionMask = 2147483647;
			files = (
			);
			runOnlyForDeploymentPostprocessing = 0;
		};
		84CDE40F2AB0CB950011ED23 /* Frameworks */ = {
			isa = PBXFrameworksBuildPhase;
			buildActionMask = 2147483647;
			files = (
			);
			runOnlyForDeploymentPostprocessing = 0;
		};
/* End PBXFrameworksBuildPhase section */

/* Begin PBXGroup section */
		8434D21D2A99221A0068D985 = {
			isa = PBXGroup;
			children = (
				8434D2282A99221A0068D985 /* Sunsketcher */,
				8434D2272A99221A0068D985 /* Products */,
			);
			sourceTree = "<group>";
		};
		8434D2272A99221A0068D985 /* Products */ = {
			isa = PBXGroup;
			children = (
				8434D2262A99221A0068D985 /* Sunsketcher.app */,
				84CDE4122AB0CB950011ED23 /* SunsketcherTests.xctest */,
			);
			name = Products;
			sourceTree = "<group>";
		};
		8434D2282A99221A0068D985 /* Sunsketcher */ = {
			isa = PBXGroup;
			children = (
				848B1B482B3B429000DE9856 /* Database */,
				848B1B472B3B428700DE9856 /* Location */,
				848B1B462B3B427A00DE9856 /* CameraFunctionality */,
				846E32A52ABA28E1004FEF60 /* Info.plist */,
				8434D2292A99221A0068D985 /* SunsketcherApp.swift */,
				8434D22B2A99221A0068D985 /* ContentView.swift */,
				8434D22D2A99221B0068D985 /* Assets.xcassets */,
				8434D22F2A99221B0068D985 /* Preview Content */,
			);
			path = Sunsketcher;
			sourceTree = "<group>";
		};
		8434D22F2A99221B0068D985 /* Preview Content */ = {
			isa = PBXGroup;
			children = (
				8434D2302A99221B0068D985 /* Preview Assets.xcassets */,
			);
			path = "Preview Content";
			sourceTree = "<group>";
		};
		848B1B462B3B427A00DE9856 /* CameraFunctionality */ = {
			isa = PBXGroup;
			children = (
				8408892A2AD473A400F2A93C /* CameraService.swift */,
				8408892C2AD477E500F2A93C /* CameraView.swift */,
				84D07C7A2AD5A1D4001E1DD4 /* CustomCameraView.swift */,
				848A5B472ABB3A64000DB76D /* CameraControl.swift */,
			);
			path = CameraFunctionality;
			sourceTree = "<group>";
		};
		848B1B472B3B428700DE9856 /* Location */ = {
			isa = PBXGroup;
			children = (
				84CDE40C2AB0C8560011ED23 /* LocToTime.swift */,
				84C307222AA8EC020052078B /* LocationManager.swift */,
				84194DA82AE83FBB0057A0EB /* Sunset.swift */,
			);
			path = Location;
			sourceTree = "<group>";
		};
		848B1B482B3B429000DE9856 /* Database */ = {
			isa = PBXGroup;
			children = (
				844D88BC2B47520500258284 /* Metadata+CoreDataClass.swift */,
				844D88BD2B47520500258284 /* Metadata+CoreDataProperties.swift */,
				848B1B492B3B5B4700DE9856 /* Metadata.xcdatamodeld */,
				844D88C02B47C4A600258284 /* MetadataDB.swift */,
			);
			path = Database;
			sourceTree = "<group>";
		};
/* End PBXGroup section */

/* Begin PBXNativeTarget section */
		8434D2252A99221A0068D985 /* Sunsketcher */ = {
			isa = PBXNativeTarget;
			buildConfigurationList = 8434D2342A99221B0068D985 /* Build configuration list for PBXNativeTarget "Sunsketcher" */;
			buildPhases = (
				8434D2222A99221A0068D985 /* Sources */,
				8434D2232A99221A0068D985 /* Frameworks */,
				8434D2242A99221A0068D985 /* Resources */,
			);
			buildRules = (
			);
			dependencies = (
			);
			name = Sunsketcher;
			productName = Sunsketcher;
			productReference = 8434D2262A99221A0068D985 /* Sunsketcher.app */;
			productType = "com.apple.product-type.application";
		};
		84CDE4112AB0CB950011ED23 /* SunsketcherTests */ = {
			isa = PBXNativeTarget;
			buildConfigurationList = 84CDE4182AB0CB950011ED23 /* Build configuration list for PBXNativeTarget "SunsketcherTests" */;
			buildPhases = (
				84CDE40E2AB0CB950011ED23 /* Sources */,
				84CDE40F2AB0CB950011ED23 /* Frameworks */,
				84CDE4102AB0CB950011ED23 /* Resources */,
			);
			buildRules = (
			);
			dependencies = (
				84CDE4172AB0CB950011ED23 /* PBXTargetDependency */,
			);
			name = SunsketcherTests;
			productName = SunsketcherTests;
			productReference = 84CDE4122AB0CB950011ED23 /* SunsketcherTests.xctest */;
			productType = "com.apple.product-type.bundle.unit-test";
		};
/* End PBXNativeTarget section */

/* Begin PBXProject section */
		8434D21E2A99221A0068D985 /* Project object */ = {
			isa = PBXProject;
			attributes = {
				BuildIndependentTargetsInParallel = 1;
				LastSwiftUpdateCheck = 1430;
				LastUpgradeCheck = 1430;
				TargetAttributes = {
					8434D2252A99221A0068D985 = {
						CreatedOnToolsVersion = 14.3.1;
					};
					84CDE4112AB0CB950011ED23 = {
						CreatedOnToolsVersion = 14.3.1;
						TestTargetID = 8434D2252A99221A0068D985;
					};
				};
			};
			buildConfigurationList = 8434D2212A99221A0068D985 /* Build configuration list for PBXProject "SunSketcher" */;
			compatibilityVersion = "Xcode 14.0";
			developmentRegion = en;
			hasScannedForEncodings = 0;
			knownRegions = (
				en,
				Base,
			);
			mainGroup = 8434D21D2A99221A0068D985;
			productRefGroup = 8434D2272A99221A0068D985 /* Products */;
			projectDirPath = "";
			projectRoot = "";
			targets = (
				8434D2252A99221A0068D985 /* Sunsketcher */,
				84CDE4112AB0CB950011ED23 /* SunsketcherTests */,
			);
		};
/* End PBXProject section */

/* Begin PBXResourcesBuildPhase section */
		8434D2242A99221A0068D985 /* Resources */ = {
			isa = PBXResourcesBuildPhase;
			buildActionMask = 2147483647;
			files = (
				8434D2312A99221B0068D985 /* Preview Assets.xcassets in Resources */,
				8434D22E2A99221B0068D985 /* Assets.xcassets in Resources */,
			);
			runOnlyForDeploymentPostprocessing = 0;
		};
		84CDE4102AB0CB950011ED23 /* Resources */ = {
			isa = PBXResourcesBuildPhase;
			buildActionMask = 2147483647;
			files = (
			);
			runOnlyForDeploymentPostprocessing = 0;
		};
/* End PBXResourcesBuildPhase section */

/* Begin PBXSourcesBuildPhase section */
		8434D2222A99221A0068D985 /* Sources */ = {
			isa = PBXSourcesBuildPhase;
			buildActionMask = 2147483647;
			files = (
				844D88BE2B47520500258284 /* Metadata+CoreDataClass.swift in Sources */,
				8408892B2AD473A400F2A93C /* CameraService.swift in Sources */,
				8434D22C2A99221A0068D985 /* ContentView.swift in Sources */,
				84D07C7B2AD5A1D4001E1DD4 /* CustomCameraView.swift in Sources */,
				84CDE40D2AB0C8560011ED23 /* LocToTime.swift in Sources */,
				8408892D2AD477E500F2A93C /* CameraView.swift in Sources */,
				8434D22A2A99221A0068D985 /* SunsketcherApp.swift in Sources */,
				84C307232AA8EC020052078B /* LocationManager.swift in Sources */,
				84194DA92AE83FBB0057A0EB /* Sunset.swift in Sources */,
				844D88BF2B47520500258284 /* Metadata+CoreDataProperties.swift in Sources */,
				844D88C12B47C4A600258284 /* MetadataDB.swift in Sources */,
				848A5B482ABB3A64000DB76D /* CameraControl.swift in Sources */,
			);
			runOnlyForDeploymentPostprocessing = 0;
		};
		84CDE40E2AB0CB950011ED23 /* Sources */ = {
			isa = PBXSourcesBuildPhase;
			buildActionMask = 2147483647;
			files = (
			);
			runOnlyForDeploymentPostprocessing = 0;
		};
/* End PBXSourcesBuildPhase section */

/* Begin PBXTargetDependency section */
		84CDE4172AB0CB950011ED23 /* PBXTargetDependency */ = {
			isa = PBXTargetDependency;
			target = 8434D2252A99221A0068D985 /* Sunsketcher */;
			targetProxy = 84CDE4162AB0CB950011ED23 /* PBXContainerItemProxy */;
		};
/* End PBXTargetDependency section */

/* Begin XCBuildConfiguration section */
		8434D2322A99221B0068D985 /* Debug */ = {
			isa = XCBuildConfiguration;
			buildSettings = {
				ALWAYS_SEARCH_USER_PATHS = NO;
				CLANG_ANALYZER_NONNULL = YES;
				CLANG_ANALYZER_NUMBER_OBJECT_CONVERSION = YES_AGGRESSIVE;
				CLANG_CXX_LANGUAGE_STANDARD = "gnu++20";
				CLANG_ENABLE_MODULES = YES;
				CLANG_ENABLE_OBJC_ARC = YES;
				CLANG_ENABLE_OBJC_WEAK = YES;
				CLANG_WARN_BLOCK_CAPTURE_AUTORELEASING = YES;
				CLANG_WARN_BOOL_CONVERSION = YES;
				CLANG_WARN_COMMA = YES;
				CLANG_WARN_CONSTANT_CONVERSION = YES;
				CLANG_WARN_DEPRECATED_OBJC_IMPLEMENTATIONS = YES;
				CLANG_WARN_DIRECT_OBJC_ISA_USAGE = YES_ERROR;
				CLANG_WARN_DOCUMENTATION_COMMENTS = YES;
				CLANG_WARN_EMPTY_BODY = YES;
				CLANG_WARN_ENUM_CONVERSION = YES;
				CLANG_WARN_INFINITE_RECURSION = YES;
				CLANG_WARN_INT_CONVERSION = YES;
				CLANG_WARN_NON_LITERAL_NULL_CONVERSION = YES;
				CLANG_WARN_OBJC_IMPLICIT_RETAIN_SELF = YES;
				CLANG_WARN_OBJC_LITERAL_CONVERSION = YES;
				CLANG_WARN_OBJC_ROOT_CLASS = YES_ERROR;
				CLANG_WARN_QUOTED_INCLUDE_IN_FRAMEWORK_HEADER = YES;
				CLANG_WARN_RANGE_LOOP_ANALYSIS = YES;
				CLANG_WARN_STRICT_PROTOTYPES = YES;
				CLANG_WARN_SUSPICIOUS_MOVE = YES;
				CLANG_WARN_UNGUARDED_AVAILABILITY = YES_AGGRESSIVE;
				CLANG_WARN_UNREACHABLE_CODE = YES;
				CLANG_WARN__DUPLICATE_METHOD_MATCH = YES;
				COPY_PHASE_STRIP = NO;
				DEBUG_INFORMATION_FORMAT = dwarf;
				ENABLE_STRICT_OBJC_MSGSEND = YES;
				ENABLE_TESTABILITY = YES;
				GCC_C_LANGUAGE_STANDARD = gnu11;
				GCC_DYNAMIC_NO_PIC = NO;
				GCC_NO_COMMON_BLOCKS = YES;
				GCC_OPTIMIZATION_LEVEL = 0;
				GCC_PREPROCESSOR_DEFINITIONS = (
					"DEBUG=1",
					"$(inherited)",
				);
				GCC_WARN_64_TO_32_BIT_CONVERSION = YES;
				GCC_WARN_ABOUT_RETURN_TYPE = YES_ERROR;
				GCC_WARN_UNDECLARED_SELECTOR = YES;
				GCC_WARN_UNINITIALIZED_AUTOS = YES_AGGRESSIVE;
				GCC_WARN_UNUSED_FUNCTION = YES;
				GCC_WARN_UNUSED_VARIABLE = YES;
				IPHONEOS_DEPLOYMENT_TARGET = 16.4;
				MTL_ENABLE_DEBUG_INFO = INCLUDE_SOURCE;
				MTL_FAST_MATH = YES;
				ONLY_ACTIVE_ARCH = YES;
				SDKROOT = iphoneos;
				SWIFT_ACTIVE_COMPILATION_CONDITIONS = DEBUG;
				SWIFT_OPTIMIZATION_LEVEL = "-Onone";
			};
			name = Debug;
		};
		8434D2332A99221B0068D985 /* Release */ = {
			isa = XCBuildConfiguration;
			buildSettings = {
				ALWAYS_SEARCH_USER_PATHS = NO;
				CLANG_ANALYZER_NONNULL = YES;
				CLANG_ANALYZER_NUMBER_OBJECT_CONVERSION = YES_AGGRESSIVE;
				CLANG_CXX_LANGUAGE_STANDARD = "gnu++20";
				CLANG_ENABLE_MODULES = YES;
				CLANG_ENABLE_OBJC_ARC = YES;
				CLANG_ENABLE_OBJC_WEAK = YES;
				CLANG_WARN_BLOCK_CAPTURE_AUTORELEASING = YES;
				CLANG_WARN_BOOL_CONVERSION = YES;
				CLANG_WARN_COMMA = YES;
				CLANG_WARN_CONSTANT_CONVERSION = YES;
				CLANG_WARN_DEPRECATED_OBJC_IMPLEMENTATIONS = YES;
				CLANG_WARN_DIRECT_OBJC_ISA_USAGE = YES_ERROR;
				CLANG_WARN_DOCUMENTATION_COMMENTS = YES;
				CLANG_WARN_EMPTY_BODY = YES;
				CLANG_WARN_ENUM_CONVERSION = YES;
				CLANG_WARN_INFINITE_RECURSION = YES;
				CLANG_WARN_INT_CONVERSION = YES;
				CLANG_WARN_NON_LITERAL_NULL_CONVERSION = YES;
				CLANG_WARN_OBJC_IMPLICIT_RETAIN_SELF = YES;
				CLANG_WARN_OBJC_LITERAL_CONVERSION = YES;
				CLANG_WARN_OBJC_ROOT_CLASS = YES_ERROR;
				CLANG_WARN_QUOTED_INCLUDE_IN_FRAMEWORK_HEADER = YES;
				CLANG_WARN_RANGE_LOOP_ANALYSIS = YES;
				CLANG_WARN_STRICT_PROTOTYPES = YES;
				CLANG_WARN_SUSPICIOUS_MOVE = YES;
				CLANG_WARN_UNGUARDED_AVAILABILITY = YES_AGGRESSIVE;
				CLANG_WARN_UNREACHABLE_CODE = YES;
				CLANG_WARN__DUPLICATE_METHOD_MATCH = YES;
				COPY_PHASE_STRIP = NO;
				DEBUG_INFORMATION_FORMAT = "dwarf-with-dsym";
				ENABLE_NS_ASSERTIONS = NO;
				ENABLE_STRICT_OBJC_MSGSEND = YES;
				GCC_C_LANGUAGE_STANDARD = gnu11;
				GCC_NO_COMMON_BLOCKS = YES;
				GCC_WARN_64_TO_32_BIT_CONVERSION = YES;
				GCC_WARN_ABOUT_RETURN_TYPE = YES_ERROR;
				GCC_WARN_UNDECLARED_SELECTOR = YES;
				GCC_WARN_UNINITIALIZED_AUTOS = YES_AGGRESSIVE;
				GCC_WARN_UNUSED_FUNCTION = YES;
				GCC_WARN_UNUSED_VARIABLE = YES;
				IPHONEOS_DEPLOYMENT_TARGET = 16.4;
				MTL_ENABLE_DEBUG_INFO = NO;
				MTL_FAST_MATH = YES;
				SDKROOT = iphoneos;
				SWIFT_COMPILATION_MODE = wholemodule;
				SWIFT_OPTIMIZATION_LEVEL = "-O";
				VALIDATE_PRODUCT = YES;
			};
			name = Release;
		};
		8434D2352A99221B0068D985 /* Debug */ = {
			isa = XCBuildConfiguration;
			buildSettings = {
				ASSETCATALOG_COMPILER_APPICON_NAME = AppIcon;
				ASSETCATALOG_COMPILER_GLOBAL_ACCENT_COLOR_NAME = AccentColor;
				CODE_SIGN_STYLE = Automatic;
				CURRENT_PROJECT_VERSION = 1;
				DEVELOPMENT_ASSET_PATHS = "\"Sunsketcher/Preview Content\"";
				DEVELOPMENT_TEAM = C6MX229DZ7;
				ENABLE_PREVIEWS = YES;
				GENERATE_INFOPLIST_FILE = YES;
				INFOPLIST_FILE = Sunsketcher/Info.plist;
				INFOPLIST_KEY_CFBundleDisplayName = SunSketcher;
				INFOPLIST_KEY_NSCameraUsageDescription = "This app uses the camera to capture photos.";
				INFOPLIST_KEY_NSLocationAlwaysAndWhenInUseUsageDescription = "This app requires access to the device's location.";
				INFOPLIST_KEY_NSLocationWhenInUseUsageDescription = "This app requires access to the device's location.";
				INFOPLIST_KEY_NSPhotoLibraryAddUsageDescription = "";
				INFOPLIST_KEY_UIApplicationSceneManifest_Generation = YES;
				INFOPLIST_KEY_UIApplicationSupportsIndirectInputEvents = YES;
				INFOPLIST_KEY_UILaunchScreen_Generation = YES;
				INFOPLIST_KEY_UISupportedInterfaceOrientations_iPad = "UIInterfaceOrientationPortrait UIInterfaceOrientationPortraitUpsideDown UIInterfaceOrientationLandscapeLeft UIInterfaceOrientationLandscapeRight";
				INFOPLIST_KEY_UISupportedInterfaceOrientations_iPhone = "UIInterfaceOrientationPortrait UIInterfaceOrientationLandscapeLeft UIInterfaceOrientationLandscapeRight";
				LD_RUNPATH_SEARCH_PATHS = (
					"$(inherited)",
					"@executable_path/Frameworks",
				);
				MARKETING_VERSION = 1.0;
				PRODUCT_BUNDLE_IDENTIFIER = edu.wku.sunsketcher;
				PRODUCT_NAME = "$(TARGET_NAME)";
				SWIFT_EMIT_LOC_STRINGS = YES;
				SWIFT_VERSION = 5.0;
				TARGETED_DEVICE_FAMILY = "1,2";
			};
			name = Debug;
		};
		8434D2362A99221B0068D985 /* Release */ = {
			isa = XCBuildConfiguration;
			buildSettings = {
				ASSETCATALOG_COMPILER_APPICON_NAME = AppIcon;
				ASSETCATALOG_COMPILER_GLOBAL_ACCENT_COLOR_NAME = AccentColor;
				CODE_SIGN_STYLE = Automatic;
				CURRENT_PROJECT_VERSION = 1;
				DEVELOPMENT_ASSET_PATHS = "\"Sunsketcher/Preview Content\"";
				DEVELOPMENT_TEAM = C6MX229DZ7;
				ENABLE_PREVIEWS = YES;
				GENERATE_INFOPLIST_FILE = YES;
				INFOPLIST_FILE = Sunsketcher/Info.plist;
				INFOPLIST_KEY_CFBundleDisplayName = SunSketcher;
				INFOPLIST_KEY_NSCameraUsageDescription = "This app uses the camera to capture photos.";
				INFOPLIST_KEY_NSLocationAlwaysAndWhenInUseUsageDescription = "This app requires access to the device's location.";
				INFOPLIST_KEY_NSLocationWhenInUseUsageDescription = "This app requires access to the device's location.";
				INFOPLIST_KEY_NSPhotoLibraryAddUsageDescription = "";
				INFOPLIST_KEY_UIApplicationSceneManifest_Generation = YES;
				INFOPLIST_KEY_UIApplicationSupportsIndirectInputEvents = YES;
				INFOPLIST_KEY_UILaunchScreen_Generation = YES;
				INFOPLIST_KEY_UISupportedInterfaceOrientations_iPad = "UIInterfaceOrientationPortrait UIInterfaceOrientationPortraitUpsideDown UIInterfaceOrientationLandscapeLeft UIInterfaceOrientationLandscapeRight";
				INFOPLIST_KEY_UISupportedInterfaceOrientations_iPhone = "UIInterfaceOrientationPortrait UIInterfaceOrientationLandscapeLeft UIInterfaceOrientationLandscapeRight";
				LD_RUNPATH_SEARCH_PATHS = (
					"$(inherited)",
					"@executable_path/Frameworks",
				);
				MARKETING_VERSION = 1.0;
				PRODUCT_BUNDLE_IDENTIFIER = edu.wku.sunsketcher;
				PRODUCT_NAME = "$(TARGET_NAME)";
				SWIFT_EMIT_LOC_STRINGS = YES;
				SWIFT_VERSION = 5.0;
				TARGETED_DEVICE_FAMILY = "1,2";
			};
			name = Release;
		};
		84CDE4192AB0CB950011ED23 /* Debug */ = {
			isa = XCBuildConfiguration;
			buildSettings = {
				BUNDLE_LOADER = "$(TEST_HOST)";
				"CODE_SIGN_IDENTITY[sdk=macosx*]" = "Apple Development";
				CODE_SIGN_STYLE = Automatic;
				CURRENT_PROJECT_VERSION = 1;
				DEVELOPMENT_TEAM = C6MX229DZ7;
				GENERATE_INFOPLIST_FILE = YES;
				IPHONEOS_DEPLOYMENT_TARGET = 16.4;
				MACOSX_DEPLOYMENT_TARGET = 13.3;
				MARKETING_VERSION = 1.0;
				PRODUCT_BUNDLE_IDENTIFIER = com.SunsketcherTests;
				PRODUCT_NAME = "$(TARGET_NAME)";
				SDKROOT = auto;
				SUPPORTED_PLATFORMS = "iphoneos iphonesimulator macosx";
				SWIFT_EMIT_LOC_STRINGS = NO;
				SWIFT_VERSION = 5.0;
				TARGETED_DEVICE_FAMILY = "1,2";
				TEST_HOST = "$(BUILT_PRODUCTS_DIR)/Sunsketcher.app/$(BUNDLE_EXECUTABLE_FOLDER_PATH)/Sunsketcher";
			};
			name = Debug;
		};
		84CDE41A2AB0CB950011ED23 /* Release */ = {
			isa = XCBuildConfiguration;
			buildSettings = {
				BUNDLE_LOADER = "$(TEST_HOST)";
				"CODE_SIGN_IDENTITY[sdk=macosx*]" = "Apple Development";
				CODE_SIGN_STYLE = Automatic;
				CURRENT_PROJECT_VERSION = 1;
				DEVELOPMENT_TEAM = C6MX229DZ7;
				GENERATE_INFOPLIST_FILE = YES;
				IPHONEOS_DEPLOYMENT_TARGET = 16.4;
				MACOSX_DEPLOYMENT_TARGET = 13.3;
				MARKETING_VERSION = 1.0;
				PRODUCT_BUNDLE_IDENTIFIER = com.SunsketcherTests;
				PRODUCT_NAME = "$(TARGET_NAME)";
				SDKROOT = auto;
				SUPPORTED_PLATFORMS = "iphoneos iphonesimulator macosx";
				SWIFT_EMIT_LOC_STRINGS = NO;
				SWIFT_VERSION = 5.0;
				TARGETED_DEVICE_FAMILY = "1,2";
				TEST_HOST = "$(BUILT_PRODUCTS_DIR)/Sunsketcher.app/$(BUNDLE_EXECUTABLE_FOLDER_PATH)/Sunsketcher";
			};
			name = Release;
		};
/* End XCBuildConfiguration section */

/* Begin XCConfigurationList section */
		8434D2212A99221A0068D985 /* Build configuration list for PBXProject "SunSketcher" */ = {
			isa = XCConfigurationList;
			buildConfigurations = (
				8434D2322A99221B0068D985 /* Debug */,
				8434D2332A99221B0068D985 /* Release */,
			);
			defaultConfigurationIsVisible = 0;
			defaultConfigurationName = Release;
		};
		8434D2342A99221B0068D985 /* Build configuration list for PBXNativeTarget "Sunsketcher" */ = {
			isa = XCConfigurationList;
			buildConfigurations = (
				8434D2352A99221B0068D985 /* Debug */,
				8434D2362A99221B0068D985 /* Release */,
			);
			defaultConfigurationIsVisible = 0;
			defaultConfigurationName = Release;
		};
		84CDE4182AB0CB950011ED23 /* Build configuration list for PBXNativeTarget "SunsketcherTests" */ = {
			isa = XCConfigurationList;
			buildConfigurations = (
				84CDE4192AB0CB950011ED23 /* Debug */,
				84CDE41A2AB0CB950011ED23 /* Release */,
			);
			defaultConfigurationIsVisible = 0;
			defaultConfigurationName = Release;
		};
/* End XCConfigurationList section */

/* Begin XCVersionGroup section */
		848B1B492B3B5B4700DE9856 /* Metadata.xcdatamodeld */ = {
			isa = XCVersionGroup;
			children = (
				848B1B4A2B3B5B4700DE9856 /* Metadata.xcdatamodel */,
			);
			currentVersion = 848B1B4A2B3B5B4700DE9856 /* Metadata.xcdatamodel */;
			path = Metadata.xcdatamodeld;
			sourceTree = "<group>";
			versionGroupType = wrapper.xcdatamodel;
		};
/* End XCVersionGroup section */
	};
	rootObject = 8434D21E2A99221A0068D985 /* Project object */;
}
